
Microsoft Visual Studio Solution File, Format Version 12.00
# Visual Studio 15
VisualStudioVersion = 15.0.27703.2018
MinimumVisualStudioVersion = 10.0.40219.1
Project("{FAE04EC0-301F-11D3-BF4B-00C04F79EFBC}") = "Tumbler", "Tumbler\Tumbler.csproj", "{667567DF-AF13-40F0-A3CF-748BD27B391F}"
EndProject
Global
	GlobalSection(SolutionConfigurationPlatforms) = preSolution
		Debug|Any CPU = Debug|Any CPU
		Release|Any CPU = Release|Any CPU
	EndGlobalSection
	GlobalSection(ProjectConfigurationPlatforms) = postSolution
		{667567DF-AF13-40F0-A3CF-748BD27B391F}.Debug|Any CPU.ActiveCfg = Debug|Any CPU
		{667567DF-AF13-40F0-A3CF-748BD27B391F}.Debug|Any CPU.Build.0 = Debug|Any CPU
		{667567DF-AF13-40F0-A3CF-748BD27B391F}.Release|Any CPU.ActiveCfg = Release|Any CPU
		{667567DF-AF13-40F0-A3CF-748BD27B391F}.Release|Any CPU.Build.0 = Release|Any CPU
	EndGlobalSection
	GlobalSection(SolutionProperties) = preSolution
		HideSolutionNode = FALSE
	EndGlobalSection
	GlobalSection(ExtensibilityGlobals) = postSolution
		SolutionGuid = {D1D317E5-D8DF-4BB1-AAFF-8DF567A32AC4}
	EndGlobalSection
EndGlobal
